
Microsoft Visual Studio Solution File, Format Version 12.00
# Visual Studio 14
VisualStudioVersion = 14.0.24720.0
MinimumVisualStudioVersion = 10.0.40219.1
Project("{A0786B88-2ADB-4C21-ABE8-AA2D79766269}") = "magentoProject", "magentoProject\magentoProject.phpproj", "{BFF2DD50-2E09-4A48-8C0F-E45C66499EA7}"
EndProject
Global
	GlobalSection(SolutionConfigurationPlatforms) = preSolution
		Debug|Any CPU = Debug|Any CPU
		Release|Any CPU = Release|Any CPU
	EndGlobalSection
	GlobalSection(ProjectConfigurationPlatforms) = postSolution
		{BFF2DD50-2E09-4A48-8C0F-E45C66499EA7}.Debug|Any CPU.ActiveCfg = Debug|Any CPU
		{BFF2DD50-2E09-4A48-8C0F-E45C66499EA7}.Debug|Any CPU.Build.0 = Debug|Any CPU
		{BFF2DD50-2E09-4A48-8C0F-E45C66499EA7}.Release|Any CPU.ActiveCfg = Release|Any CPU
		{BFF2DD50-2E09-4A48-8C0F-E45C66499EA7}.Release|Any CPU.Build.0 = Release|Any CPU
	EndGlobalSection
	GlobalSection(SolutionProperties) = preSolution
		HideSolutionNode = FALSE
	EndGlobalSection
EndGlobal
